
Microsoft Visual Studio Solution File, Format Version 12.00
# Visual Studio Version 17
VisualStudioVersion = 17.10.34928.147
MinimumVisualStudioVersion = 10.0.40219.1
Project("{9A19103F-16F7-4668-BE54-9A1E7A4F7556}") = "Blazor.Identity", "Blazor.Identity\Blazor.Identity.csproj", "{4CA1B765-1E14-42E2-829B-FD2D00A29B78}"
EndProject
Project("{9A19103F-16F7-4668-BE54-9A1E7A4F7556}") = "Blazor.Identity.Tests", "Blazor.Identity.Tests\Blazor.Identity.Tests.csproj", "{D58BF732-BED2-47A1-B092-7FF768EA3210}"
EndProject
Project("{9A19103F-16F7-4668-BE54-9A1E7A4F7556}") = "Blazor.RCL", "Blazor.RCL\Blazor.RCL.csproj", "{BB801750-4214-4FDC-881C-7D4313B99147}"
EndProject
Global
	GlobalSection(SolutionConfigurationPlatforms) = preSolution
		Debug|Any CPU = Debug|Any CPU
		DEV|Any CPU = DEV|Any CPU
		PROD|Any CPU = PROD|Any CPU
		QA|Any CPU = QA|Any CPU
		Release|Any CPU = Release|Any CPU
	EndGlobalSection
	GlobalSection(ProjectConfigurationPlatforms) = postSolution
		{4CA1B765-1E14-42E2-829B-FD2D00A29B78}.Debug|Any CPU.ActiveCfg = Debug|Any CPU
		{4CA1B765-1E14-42E2-829B-FD2D00A29B78}.Debug|Any CPU.Build.0 = Debug|Any CPU
		{4CA1B765-1E14-42E2-829B-FD2D00A29B78}.DEV|Any CPU.ActiveCfg = DEV|Any CPU
		{4CA1B765-1E14-42E2-829B-FD2D00A29B78}.DEV|Any CPU.Build.0 = DEV|Any CPU
		{4CA1B765-1E14-42E2-829B-FD2D00A29B78}.PROD|Any CPU.ActiveCfg = PROD|Any CPU
		{4CA1B765-1E14-42E2-829B-FD2D00A29B78}.PROD|Any CPU.Build.0 = PROD|Any CPU
		{4CA1B765-1E14-42E2-829B-FD2D00A29B78}.QA|Any CPU.ActiveCfg = QA|Any CPU
		{4CA1B765-1E14-42E2-829B-FD2D00A29B78}.QA|Any CPU.Build.0 = QA|Any CPU
		{4CA1B765-1E14-42E2-829B-FD2D00A29B78}.Release|Any CPU.ActiveCfg = Release|Any CPU
		{4CA1B765-1E14-42E2-829B-FD2D00A29B78}.Release|Any CPU.Build.0 = Release|Any CPU
		{D58BF732-BED2-47A1-B092-7FF768EA3210}.Debug|Any CPU.ActiveCfg = Debug|Any CPU
		{D58BF732-BED2-47A1-B092-7FF768EA3210}.Debug|Any CPU.Build.0 = Debug|Any CPU
		{D58BF732-BED2-47A1-B092-7FF768EA3210}.DEV|Any CPU.ActiveCfg = Debug|Any CPU
		{D58BF732-BED2-47A1-B092-7FF768EA3210}.DEV|Any CPU.Build.0 = Debug|Any CPU
		{D58BF732-BED2-47A1-B092-7FF768EA3210}.PROD|Any CPU.ActiveCfg = Debug|Any CPU
		{D58BF732-BED2-47A1-B092-7FF768EA3210}.PROD|Any CPU.Build.0 = Debug|Any CPU
		{D58BF732-BED2-47A1-B092-7FF768EA3210}.QA|Any CPU.ActiveCfg = Debug|Any CPU
		{D58BF732-BED2-47A1-B092-7FF768EA3210}.QA|Any CPU.Build.0 = Debug|Any CPU
		{D58BF732-BED2-47A1-B092-7FF768EA3210}.Release|Any CPU.ActiveCfg = Release|Any CPU
		{D58BF732-BED2-47A1-B092-7FF768EA3210}.Release|Any CPU.Build.0 = Release|Any CPU
		{BB801750-4214-4FDC-881C-7D4313B99147}.Debug|Any CPU.ActiveCfg = Debug|Any CPU
		{BB801750-4214-4FDC-881C-7D4313B99147}.Debug|Any CPU.Build.0 = Debug|Any CPU
		{BB801750-4214-4FDC-881C-7D4313B99147}.DEV|Any CPU.ActiveCfg = Debug|Any CPU
		{BB801750-4214-4FDC-881C-7D4313B99147}.DEV|Any CPU.Build.0 = Debug|Any CPU
		{BB801750-4214-4FDC-881C-7D4313B99147}.PROD|Any CPU.ActiveCfg = Debug|Any CPU
		{BB801750-4214-4FDC-881C-7D4313B99147}.PROD|Any CPU.Build.0 = Debug|Any CPU
		{BB801750-4214-4FDC-881C-7D4313B99147}.QA|Any CPU.ActiveCfg = Debug|Any CPU
		{BB801750-4214-4FDC-881C-7D4313B99147}.QA|Any CPU.Build.0 = Debug|Any CPU
		{BB801750-4214-4FDC-881C-7D4313B99147}.Release|Any CPU.ActiveCfg = Release|Any CPU
		{BB801750-4214-4FDC-881C-7D4313B99147}.Release|Any CPU.Build.0 = Release|Any CPU
	EndGlobalSection
	GlobalSection(SolutionProperties) = preSolution
		HideSolutionNode = FALSE
	EndGlobalSection
	GlobalSection(ExtensibilityGlobals) = postSolution
		SolutionGuid = {DDB42BAD-A41F-44D6-9857-A3821AE877F6}
	EndGlobalSection
EndGlobal
